// !$*UTF8*$!
{
	archiveVersion = 1;
	classes = {
	};
	objectVersion = 46;
	objects = {

/* Begin PBXBuildFile section */
		D8E61DF01F66EF9D00A57157 /* AppDelegate.swift in Sources */ = {isa = PBXBuildFile; fileRef = D8E61DEF1F66EF9D00A57157 /* AppDelegate.swift */; };
		D8E61DF21F66EF9D00A57157 /* MapViewController.swift in Sources */ = {isa = PBXBuildFile; fileRef = D8E61DF11F66EF9D00A57157 /* MapViewController.swift */; };
		D8E61DF51F66EF9D00A57157 /* Main.storyboard in Resources */ = {isa = PBXBuildFile; fileRef = D8E61DF31F66EF9D00A57157 /* Main.storyboard */; };
		D8E61DF71F66EF9D00A57157 /* Assets.xcassets in Resources */ = {isa = PBXBuildFile; fileRef = D8E61DF61F66EF9D00A57157 /* Assets.xcassets */; };
		D8E61DFA1F66EF9D00A57157 /* LaunchScreen.storyboard in Resources */ = {isa = PBXBuildFile; fileRef = D8E61DF81F66EF9D00A57157 /* LaunchScreen.storyboard */; };
		D8E61E041F66FF3500A57157 /* NetworkController.swift in Sources */ = {isa = PBXBuildFile; fileRef = D8E61E031F66FF3500A57157 /* NetworkController.swift */; };
		D8E61E061F67095000A57157 /* BikeStation.swift in Sources */ = {isa = PBXBuildFile; fileRef = D8E61E051F67095000A57157 /* BikeStation.swift */; };
		D8E61E081F67095A00A57157 /* BikeStationController.swift in Sources */ = {isa = PBXBuildFile; fileRef = D8E61E071F67095A00A57157 /* BikeStationController.swift */; };
/* End PBXBuildFile section */

/* Begin PBXFileReference section */
		D8E61DEC1F66EF9D00A57157 /* GreenBike.app */ = {isa = PBXFileReference; explicitFileType = wrapper.application; includeInIndex = 0; path = GreenBike.app; sourceTree = BUILT_PRODUCTS_DIR; };
		D8E61DEF1F66EF9D00A57157 /* AppDelegate.swift */ = {isa = PBXFileReference; lastKnownFileType = sourcecode.swift; path = AppDelegate.swift; sourceTree = "<group>"; };
		D8E61DF11F66EF9D00A57157 /* MapViewController.swift */ = {isa = PBXFileReference; lastKnownFileType = sourcecode.swift; path = MapViewController.swift; sourceTree = "<group>"; };
		D8E61DF41F66EF9D00A57157 /* Base */ = {isa = PBXFileReference; lastKnownFileType = file.storyboard; name = Base; path = Base.lproj/Main.storyboard; sourceTree = "<group>"; };
		D8E61DF61F66EF9D00A57157 /* Assets.xcassets */ = {isa = PBXFileReference; lastKnownFileType = folder.assetcatalog; path = Assets.xcassets; sourceTree = "<group>"; };
		D8E61DF91F66EF9D00A57157 /* Base */ = {isa = PBXFileReference; lastKnownFileType = file.storyboard; name = Base; path = Base.lproj/LaunchScreen.storyboard; sourceTree = "<group>"; };
		D8E61DFB1F66EF9D00A57157 /* Info.plist */ = {isa = PBXFileReference; lastKnownFileType = text.plist.xml; path = Info.plist; sourceTree = "<group>"; };
		D8E61E031F66FF3500A57157 /* NetworkController.swift */ = {isa = PBXFileReference; fileEncoding = 4; lastKnownFileType = sourcecode.swift; path = NetworkController.swift; sourceTree = "<group>"; };
		D8E61E051F67095000A57157 /* BikeStation.swift */ = {isa = PBXFileReference; fileEncoding = 4; lastKnownFileType = sourcecode.swift; path = BikeStation.swift; sourceTree = "<group>"; };
		D8E61E071F67095A00A57157 /* BikeStationController.swift */ = {isa = PBXFileReference; fileEncoding = 4; lastKnownFileType = sourcecode.swift; path = BikeStationController.swift; sourceTree = "<group>"; };
/* End PBXFileReference section */

/* Begin PBXFrameworksBuildPhase section */
		D8E61DE91F66EF9D00A57157 /* Frameworks */ = {
			isa = PBXFrameworksBuildPhase;
			buildActionMask = 2147483647;
			files = (
			);
			runOnlyForDeploymentPostprocessing = 0;
		};
/* End PBXFrameworksBuildPhase section */

/* Begin PBXGroup section */
		D8E61DE31F66EF9D00A57157 = {
			isa = PBXGroup;
			children = (
				D8E61DEE1F66EF9D00A57157 /* GreenBike */,
				D8E61DED1F66EF9D00A57157 /* Products */,
			);
			sourceTree = "<group>";
		};
		D8E61DED1F66EF9D00A57157 /* Products */ = {
			isa = PBXGroup;
			children = (
				D8E61DEC1F66EF9D00A57157 /* GreenBike.app */,
			);
			name = Products;
			sourceTree = "<group>";
		};
		D8E61DEE1F66EF9D00A57157 /* GreenBike */ = {
			isa = PBXGroup;
			children = (
				D8E61DEF1F66EF9D00A57157 /* AppDelegate.swift */,
				D8E61E091F67095E00A57157 /* Model */,
				D8E61E0A1F67096300A57157 /* ModelController */,
				D8E61E0B1F67096E00A57157 /* NetworkController */,
				D8E61E021F66FF2A00A57157 /* UI */,
				D8E61E011F66FF1E00A57157 /* Resources */,
			);
			path = GreenBike;
			sourceTree = "<group>";
		};
		D8E61E011F66FF1E00A57157 /* Resources */ = {
			isa = PBXGroup;
			children = (
				D8E61DF61F66EF9D00A57157 /* Assets.xcassets */,
				D8E61DF81F66EF9D00A57157 /* LaunchScreen.storyboard */,
				D8E61DFB1F66EF9D00A57157 /* Info.plist */,
			);
			name = Resources;
			sourceTree = "<group>";
		};
		D8E61E021F66FF2A00A57157 /* UI */ = {
			isa = PBXGroup;
			children = (
				D8E61DF11F66EF9D00A57157 /* MapViewController.swift */,
				D8E61DF31F66EF9D00A57157 /* Main.storyboard */,
			);
			name = UI;
			sourceTree = "<group>";
		};
		D8E61E091F67095E00A57157 /* Model */ = {
			isa = PBXGroup;
			children = (
				D8E61E051F67095000A57157 /* BikeStation.swift */,
			);
			name = Model;
			sourceTree = "<group>";
		};
		D8E61E0A1F67096300A57157 /* ModelController */ = {
			isa = PBXGroup;
			children = (
				D8E61E071F67095A00A57157 /* BikeStationController.swift */,
			);
			name = ModelController;
			sourceTree = "<group>";
		};
		D8E61E0B1F67096E00A57157 /* NetworkController */ = {
			isa = PBXGroup;
			children = (
				D8E61E031F66FF3500A57157 /* NetworkController.swift */,
			);
			name = NetworkController;
			sourceTree = "<group>";
		};
/* End PBXGroup section */

/* Begin PBXNativeTarget section */
		D8E61DEB1F66EF9D00A57157 /* GreenBike */ = {
			isa = PBXNativeTarget;
			buildConfigurationList = D8E61DFE1F66EF9D00A57157 /* Build configuration list for PBXNativeTarget "GreenBike" */;
			buildPhases = (
				D8E61DE81F66EF9D00A57157 /* Sources */,
				D8E61DE91F66EF9D00A57157 /* Frameworks */,
				D8E61DEA1F66EF9D00A57157 /* Resources */,
			);
			buildRules = (
			);
			dependencies = (
			);
			name = GreenBike;
			productName = GreenBike;
			productReference = D8E61DEC1F66EF9D00A57157 /* GreenBike.app */;
			productType = "com.apple.product-type.application";
		};
/* End PBXNativeTarget section */

/* Begin PBXProject section */
		D8E61DE41F66EF9D00A57157 /* Project object */ = {
			isa = PBXProject;
			attributes = {
				LastSwiftUpdateCheck = 0830;
				LastUpgradeCheck = 0830;
				ORGANIZATIONNAME = "Joe Lucero";
				TargetAttributes = {
					D8E61DEB1F66EF9D00A57157 = {
						CreatedOnToolsVersion = 8.3.3;
						DevelopmentTeam = 53BVAZ8K9G;
						ProvisioningStyle = Automatic;
					};
				};
			};
			buildConfigurationList = D8E61DE71F66EF9D00A57157 /* Build configuration list for PBXProject "GreenBike" */;
			compatibilityVersion = "Xcode 3.2";
			developmentRegion = English;
			hasScannedForEncodings = 0;
			knownRegions = (
				en,
				Base,
			);
			mainGroup = D8E61DE31F66EF9D00A57157;
			productRefGroup = D8E61DED1F66EF9D00A57157 /* Products */;
			projectDirPath = "";
			projectRoot = "";
			targets = (
				D8E61DEB1F66EF9D00A57157 /* GreenBike */,
			);
		};
/* End PBXProject section */

/* Begin PBXResourcesBuildPhase section */
		D8E61DEA1F66EF9D00A57157 /* Resources */ = {
			isa = PBXResourcesBuildPhase;
			buildActionMask = 2147483647;
			files = (
				D8E61DFA1F66EF9D00A57157 /* LaunchScreen.storyboard in Resources */,
				D8E61DF71F66EF9D00A57157 /* Assets.xcassets in Resources */,
				D8E61DF51F66EF9D00A57157 /* Main.storyboard in Resources */,
			);
			runOnlyForDeploymentPostprocessing = 0;
		};
/* End PBXResourcesBuildPhase section */

/* Begin PBXSourcesBuildPhase section */
		D8E61DE81F66EF9D00A57157 /* Sources */ = {
			isa = PBXSourcesBuildPhase;
			buildActionMask = 2147483647;
			files = (
				D8E61DF21F66EF9D00A57157 /* MapViewController.swift in Sources */,
				D8E61E061F67095000A57157 /* BikeStation.swift in Sources */,
				D8E61DF01F66EF9D00A57157 /* AppDelegate.swift in Sources */,
				D8E61E081F67095A00A57157 /* BikeStationController.swift in Sources */,
				D8E61E041F66FF3500A57157 /* NetworkController.swift in Sources */,
			);
			runOnlyForDeploymentPostprocessing = 0;
		};
/* End PBXSourcesBuildPhase section */

/* Begin PBXVariantGroup section */
		D8E61DF31F66EF9D00A57157 /* Main.storyboard */ = {
			isa = PBXVariantGroup;
			children = (
				D8E61DF41F66EF9D00A57157 /* Base */,
			);
			name = Main.storyboard;
			sourceTree = "<group>";
		};
		D8E61DF81F66EF9D00A57157 /* LaunchScreen.storyboard */ = {
			isa = PBXVariantGroup;
			children = (
				D8E61DF91F66EF9D00A57157 /* Base */,
			);
			name = LaunchScreen.storyboard;
			sourceTree = "<group>";
		};
/* End PBXVariantGroup section */

/* Begin XCBuildConfiguration section */
		D8E61DFC1F66EF9D00A57157 /* Debug */ = {
			isa = XCBuildConfiguration;
			buildSettings = {
				ALWAYS_SEARCH_USER_PATHS = NO;
				CLANG_ANALYZER_NONNULL = YES;
				CLANG_ANALYZER_NUMBER_OBJECT_CONVERSION = YES_AGGRESSIVE;
				CLANG_CXX_LANGUAGE_STANDARD = "gnu++0x";
				CLANG_CXX_LIBRARY = "libc++";
				CLANG_ENABLE_MODULES = YES;
				CLANG_ENABLE_OBJC_ARC = YES;
				CLANG_WARN_BOOL_CONVERSION = YES;
				CLANG_WARN_CONSTANT_CONVERSION = YES;
				CLANG_WARN_DIRECT_OBJC_ISA_USAGE = YES_ERROR;
				CLANG_WARN_DOCUMENTATION_COMMENTS = YES;
				CLANG_WARN_EMPTY_BODY = YES;
				CLANG_WARN_ENUM_CONVERSION = YES;
				CLANG_WARN_INFINITE_RECURSION = YES;
				CLANG_WARN_INT_CONVERSION = YES;
				CLANG_WARN_OBJC_ROOT_CLASS = YES_ERROR;
				CLANG_WARN_SUSPICIOUS_MOVE = YES;
				CLANG_WARN_UNREACHABLE_CODE = YES;
				CLANG_WARN__DUPLICATE_METHOD_MATCH = YES;
				"CODE_SIGN_IDENTITY[sdk=iphoneos*]" = "iPhone Developer";
				COPY_PHASE_STRIP = NO;
				DEBUG_INFORMATION_FORMAT = dwarf;
				ENABLE_STRICT_OBJC_MSGSEND = YES;
				ENABLE_TESTABILITY = YES;
				GCC_C_LANGUAGE_STANDARD = gnu99;
				GCC_DYNAMIC_NO_PIC = NO;
				GCC_NO_COMMON_BLOCKS = YES;
				GCC_OPTIMIZATION_LEVEL = 0;
				GCC_PREPROCESSOR_DEFINITIONS = (
					"DEBUG=1",
					"$(inherited)",
				);
				GCC_WARN_64_TO_32_BIT_CONVERSION = YES;
				GCC_WARN_ABOUT_RETURN_TYPE = YES_ERROR;
				GCC_WARN_UNDECLARED_SELECTOR = YES;
				GCC_WARN_UNINITIALIZED_AUTOS = YES_AGGRESSIVE;
				GCC_WARN_UNUSED_FUNCTION = YES;
				GCC_WARN_UNUSED_VARIABLE = YES;
				IPHONEOS_DEPLOYMENT_TARGET = 10.3;
				MTL_ENABLE_DEBUG_INFO = YES;
				ONLY_ACTIVE_ARCH = YES;
				SDKROOT = iphoneos;
				SWIFT_ACTIVE_COMPILATION_CONDITIONS = DEBUG;
				SWIFT_OPTIMIZATION_LEVEL = "-Onone";
				TARGETED_DEVICE_FAMILY = "1,2";
			};
			name = Debug;
		};
		D8E61DFD1F66EF9D00A57157 /* Release */ = {
			isa = XCBuildConfiguration;
			buildSettings = {
				ALWAYS_SEARCH_USER_PATHS = NO;
				CLANG_ANALYZER_NONNULL = YES;
				CLANG_ANALYZER_NUMBER_OBJECT_CONVERSION = YES_AGGRESSIVE;
				CLANG_CXX_LANGUAGE_STANDARD = "gnu++0x";
				CLANG_CXX_LIBRARY = "libc++";
				CLANG_ENABLE_MODULES = YES;
				CLANG_ENABLE_OBJC_ARC = YES;
				CLANG_WARN_BOOL_CONVERSION = YES;
				CLANG_WARN_CONSTANT_CONVERSION = YES;
				CLANG_WARN_DIRECT_OBJC_ISA_USAGE = YES_ERROR;
				CLANG_WARN_DOCUMENTATION_COMMENTS = YES;
				CLANG_WARN_EMPTY_BODY = YES;
				CLANG_WARN_ENUM_CONVERSION = YES;
				CLANG_WARN_INFINITE_RECURSION = YES;
				CLANG_WARN_INT_CONVERSION = YES;
				CLANG_WARN_OBJC_ROOT_CLASS = YES_ERROR;
				CLANG_WARN_SUSPICIOUS_MOVE = YES;
				CLANG_WARN_UNREACHABLE_CODE = YES;
				CLANG_WARN__DUPLICATE_METHOD_MATCH = YES;
				"CODE_SIGN_IDENTITY[sdk=iphoneos*]" = "iPhone Developer";
				COPY_PHASE_STRIP = NO;
				DEBUG_INFORMATION_FORMAT = "dwarf-with-dsym";
				ENABLE_NS_ASSERTIONS = NO;
				ENABLE_STRICT_OBJC_MSGSEND = YES;
				GCC_C_LANGUAGE_STANDARD = gnu99;
				GCC_NO_COMMON_BLOCKS = YES;
				GCC_WARN_64_TO_32_BIT_CONVERSION = YES;
				GCC_WARN_ABOUT_RETURN_TYPE = YES_ERROR;
				GCC_WARN_UNDECLARED_SELECTOR = YES;
				GCC_WARN_UNINITIALIZED_AUTOS = YES_AGGRESSIVE;
				GCC_WARN_UNUSED_FUNCTION = YES;
				GCC_WARN_UNUSED_VARIABLE = YES;
				IPHONEOS_DEPLOYMENT_TARGET = 10.3;
				MTL_ENABLE_DEBUG_INFO = NO;
				SDKROOT = iphoneos;
				SWIFT_OPTIMIZATION_LEVEL = "-Owholemodule";
				TARGETED_DEVICE_FAMILY = "1,2";
				VALIDATE_PRODUCT = YES;
			};
			name = Release;
		};
		D8E61DFF1F66EF9D00A57157 /* Debug */ = {
			isa = XCBuildConfiguration;
			buildSettings = {
				ASSETCATALOG_COMPILER_APPICON_NAME = AppIcon;
				DEVELOPMENT_TEAM = 53BVAZ8K9G;
				INFOPLIST_FILE = GreenBike/Info.plist;
				LD_RUNPATH_SEARCH_PATHS = "$(inherited) @executable_path/Frameworks";
				PRODUCT_BUNDLE_IDENTIFIER = com.iOSDevelopr.GreenBike;
				PRODUCT_NAME = "$(TARGET_NAME)";
				SWIFT_VERSION = 3.0;
			};
			name = Debug;
		};
		D8E61E001F66EF9D00A57157 /* Release */ = {
			isa = XCBuildConfiguration;
			buildSettings = {
				ASSETCATALOG_COMPILER_APPICON_NAME = AppIcon;
				DEVELOPMENT_TEAM = 53BVAZ8K9G;
				INFOPLIST_FILE = GreenBike/Info.plist;
				LD_RUNPATH_SEARCH_PATHS = "$(inherited) @executable_path/Frameworks";
				PRODUCT_BUNDLE_IDENTIFIER = com.iOSDevelopr.GreenBike;
				PRODUCT_NAME = "$(TARGET_NAME)";
				SWIFT_VERSION = 3.0;
			};
			name = Release;
		};
/* End XCBuildConfiguration section */

/* Begin XCConfigurationList section */
		D8E61DE71F66EF9D00A57157 /* Build configuration list for PBXProject "GreenBike" */ = {
			isa = XCConfigurationList;
			buildConfigurations = (
				D8E61DFC1F66EF9D00A57157 /* Debug */,
				D8E61DFD1F66EF9D00A57157 /* Release */,
			);
			defaultConfigurationIsVisible = 0;
			defaultConfigurationName = Release;
		};
		D8E61DFE1F66EF9D00A57157 /* Build configuration list for PBXNativeTarget "GreenBike" */ = {
			isa = XCConfigurationList;
			buildConfigurations = (
				D8E61DFF1F66EF9D00A57157 /* Debug */,
				D8E61E001F66EF9D00A57157 /* Release */,
			);
			defaultConfigurationIsVisible = 0;
		};
/* End XCConfigurationList section */
	};
	rootObject = D8E61DE41F66EF9D00A57157 /* Project object */;
}
